# This file is automatically @generated by Cargo.
# It is not intended for manual editing.
[[package]]
name = "avr-std-stub"
version = "1.0.0"
source = "registry+https://github.com/rust-lang/crates.io-index"
checksum = "3fd98abad7626df2ca85898d2afa8d9a544d01650cbec345f699bf59ce1d96f1"

[[package]]
name = "template-bin"
version = "0.1.0"
dependencies = [
 "avr-std-stub",
]
